
Microsoft Visual Studio Solution File, Format Version 12.00
# Visual Studio Version 17
VisualStudioVersion = 17.6.33723.286
MinimumVisualStudioVersion = 10.0.40219.1
Project("{FAE04EC0-301F-11D3-BF4B-00C04F79EFBC}") = "Week2_Lesson7", "Week2_Lesson7\Week2_Lesson7.csproj", "{550CE398-C33B-4A4A-8E62-FE7A2C0DF734}"
EndProject
Global
	GlobalSection(SolutionConfigurationPlatforms) = preSolution
		Debug|Any CPU = Debug|Any CPU
		Release|Any CPU = Release|Any CPU
	EndGlobalSection
	GlobalSection(ProjectConfigurationPlatforms) = postSolution
		{550CE398-C33B-4A4A-8E62-FE7A2C0DF734}.Debug|Any CPU.ActiveCfg = Debug|Any CPU
		{550CE398-C33B-4A4A-8E62-FE7A2C0DF734}.Debug|Any CPU.Build.0 = Debug|Any CPU
		{550CE398-C33B-4A4A-8E62-FE7A2C0DF734}.Release|Any CPU.ActiveCfg = Release|Any CPU
		{550CE398-C33B-4A4A-8E62-FE7A2C0DF734}.Release|Any CPU.Build.0 = Release|Any CPU
	EndGlobalSection
	GlobalSection(SolutionProperties) = preSolution
		HideSolutionNode = FALSE
	EndGlobalSection
	GlobalSection(ExtensibilityGlobals) = postSolution
		SolutionGuid = {6E772A4A-4D30-43EE-A5AC-A671DCEB59A8}
	EndGlobalSection
EndGlobal
